
Microsoft Visual Studio Solution File, Format Version 12.00
# Visual Studio Version 16
VisualStudioVersion = 16.0.31624.102
MinimumVisualStudioVersion = 10.0.40219.1
Project("{9A19103F-16F7-4668-BE54-9A1E7A4F7556}") = "TransactionExporter", "TransactionExporter\TransactionExporter.csproj", "{856F4C6E-375F-4FFD-BFF3-0A5F73BFAECC}"
EndProject
Project("{9A19103F-16F7-4668-BE54-9A1E7A4F7556}") = "TransactionExporter.Tests", "TransactionExporter.Tests\TransactionExporter.Tests.csproj", "{01ED7313-64E7-4D46-A214-41C6DC2F0B4C}"
EndProject
Global
	GlobalSection(SolutionConfigurationPlatforms) = preSolution
		Debug|Any CPU = Debug|Any CPU
		Release|Any CPU = Release|Any CPU
	EndGlobalSection
	GlobalSection(ProjectConfigurationPlatforms) = postSolution
		{856F4C6E-375F-4FFD-BFF3-0A5F73BFAECC}.Debug|Any CPU.ActiveCfg = Debug|Any CPU
		{856F4C6E-375F-4FFD-BFF3-0A5F73BFAECC}.Debug|Any CPU.Build.0 = Debug|Any CPU
		{856F4C6E-375F-4FFD-BFF3-0A5F73BFAECC}.Release|Any CPU.ActiveCfg = Release|Any CPU
		{856F4C6E-375F-4FFD-BFF3-0A5F73BFAECC}.Release|Any CPU.Build.0 = Release|Any CPU
		{01ED7313-64E7-4D46-A214-41C6DC2F0B4C}.Debug|Any CPU.ActiveCfg = Debug|Any CPU
		{01ED7313-64E7-4D46-A214-41C6DC2F0B4C}.Debug|Any CPU.Build.0 = Debug|Any CPU
		{01ED7313-64E7-4D46-A214-41C6DC2F0B4C}.Release|Any CPU.ActiveCfg = Release|Any CPU
		{01ED7313-64E7-4D46-A214-41C6DC2F0B4C}.Release|Any CPU.Build.0 = Release|Any CPU
	EndGlobalSection
	GlobalSection(SolutionProperties) = preSolution
		HideSolutionNode = FALSE
	EndGlobalSection
	GlobalSection(ExtensibilityGlobals) = postSolution
		SolutionGuid = {3992AD41-AB62-4CCE-85E3-ADE543168762}
	EndGlobalSection
EndGlobal
